
Microsoft Visual Studio Solution File, Format Version 12.00
# Visual Studio Version 16
VisualStudioVersion = 16.0.31515.178
MinimumVisualStudioVersion = 10.0.40219.1
Project("{FAE04EC0-301F-11D3-BF4B-00C04F79EFBC}") = "Test1809.Android", "Test1809\Test1809.Android\Test1809.Android.csproj", "{64B03433-6238-4499-8E29-4BB2C8CAB3CF}"
EndProject
Project("{FAE04EC0-301F-11D3-BF4B-00C04F79EFBC}") = "Test1809.iOS", "Test1809\Test1809.iOS\Test1809.iOS.csproj", "{00017274-9381-446C-B7EE-2AB0D62665D7}"
EndProject
Project("{FAE04EC0-301F-11D3-BF4B-00C04F79EFBC}") = "Test1809", "Test1809\Test1809\Test1809.csproj", "{96EE69AB-CF02-4B31-B3C0-AF7AA63F0767}"
EndProject
Global
	GlobalSection(SolutionConfigurationPlatforms) = preSolution
		Debug|Any CPU = Debug|Any CPU
		Debug|iPhone = Debug|iPhone
		Debug|iPhoneSimulator = Debug|iPhoneSimulator
		Release|Any CPU = Release|Any CPU
		Release|iPhone = Release|iPhone
		Release|iPhoneSimulator = Release|iPhoneSimulator
	EndGlobalSection
	GlobalSection(ProjectConfigurationPlatforms) = postSolution
		{64B03433-6238-4499-8E29-4BB2C8CAB3CF}.Debug|Any CPU.ActiveCfg = Debug|Any CPU
		{64B03433-6238-4499-8E29-4BB2C8CAB3CF}.Debug|Any CPU.Build.0 = Debug|Any CPU
		{64B03433-6238-4499-8E29-4BB2C8CAB3CF}.Debug|Any CPU.Deploy.0 = Debug|Any CPU
		{64B03433-6238-4499-8E29-4BB2C8CAB3CF}.Debug|iPhone.ActiveCfg = Debug|Any CPU
		{64B03433-6238-4499-8E29-4BB2C8CAB3CF}.Debug|iPhone.Build.0 = Debug|Any CPU
		{64B03433-6238-4499-8E29-4BB2C8CAB3CF}.Debug|iPhone.Deploy.0 = Debug|Any CPU
		{64B03433-6238-4499-8E29-4BB2C8CAB3CF}.Debug|iPhoneSimulator.ActiveCfg = Debug|Any CPU
		{64B03433-6238-4499-8E29-4BB2C8CAB3CF}.Debug|iPhoneSimulator.Build.0 = Debug|Any CPU
		{64B03433-6238-4499-8E29-4BB2C8CAB3CF}.Debug|iPhoneSimulator.Deploy.0 = Debug|Any CPU
		{64B03433-6238-4499-8E29-4BB2C8CAB3CF}.Release|Any CPU.ActiveCfg = Release|Any CPU
		{64B03433-6238-4499-8E29-4BB2C8CAB3CF}.Release|Any CPU.Build.0 = Release|Any CPU
		{64B03433-6238-4499-8E29-4BB2C8CAB3CF}.Release|Any CPU.Deploy.0 = Release|Any CPU
		{64B03433-6238-4499-8E29-4BB2C8CAB3CF}.Release|iPhone.ActiveCfg = Release|Any CPU
		{64B03433-6238-4499-8E29-4BB2C8CAB3CF}.Release|iPhone.Build.0 = Release|Any CPU
		{64B03433-6238-4499-8E29-4BB2C8CAB3CF}.Release|iPhone.Deploy.0 = Release|Any CPU
		{64B03433-6238-4499-8E29-4BB2C8CAB3CF}.Release|iPhoneSimulator.ActiveCfg = Release|Any CPU
		{64B03433-6238-4499-8E29-4BB2C8CAB3CF}.Release|iPhoneSimulator.Build.0 = Release|Any CPU
		{64B03433-6238-4499-8E29-4BB2C8CAB3CF}.Release|iPhoneSimulator.Deploy.0 = Release|Any CPU
		{00017274-9381-446C-B7EE-2AB0D62665D7}.Debug|Any CPU.ActiveCfg = Debug|iPhone
		{00017274-9381-446C-B7EE-2AB0D62665D7}.Debug|Any CPU.Build.0 = Debug|iPhone
		{00017274-9381-446C-B7EE-2AB0D62665D7}.Debug|Any CPU.Deploy.0 = Debug|iPhone
		{00017274-9381-446C-B7EE-2AB0D62665D7}.Debug|iPhone.ActiveCfg = Debug|iPhone
		{00017274-9381-446C-B7EE-2AB0D62665D7}.Debug|iPhone.Build.0 = Debug|iPhone
		{00017274-9381-446C-B7EE-2AB0D62665D7}.Debug|iPhone.Deploy.0 = Debug|iPhone
		{00017274-9381-446C-B7EE-2AB0D62665D7}.Debug|iPhoneSimulator.ActiveCfg = Debug|iPhoneSimulator
		{00017274-9381-446C-B7EE-2AB0D62665D7}.Debug|iPhoneSimulator.Build.0 = Debug|iPhoneSimulator
		{00017274-9381-446C-B7EE-2AB0D62665D7}.Debug|iPhoneSimulator.Deploy.0 = Debug|iPhoneSimulator
		{00017274-9381-446C-B7EE-2AB0D62665D7}.Release|Any CPU.ActiveCfg = Release|iPhoneSimulator
		{00017274-9381-446C-B7EE-2AB0D62665D7}.Release|Any CPU.Build.0 = Release|iPhoneSimulator
		{00017274-9381-446C-B7EE-2AB0D62665D7}.Release|Any CPU.Deploy.0 = Release|iPhoneSimulator
		{00017274-9381-446C-B7EE-2AB0D62665D7}.Release|iPhone.ActiveCfg = Release|iPhone
		{00017274-9381-446C-B7EE-2AB0D62665D7}.Release|iPhone.Build.0 = Release|iPhone
		{00017274-9381-446C-B7EE-2AB0D62665D7}.Release|iPhone.Deploy.0 = Release|iPhone
		{00017274-9381-446C-B7EE-2AB0D62665D7}.Release|iPhoneSimulator.ActiveCfg = Release|iPhoneSimulator
		{00017274-9381-446C-B7EE-2AB0D62665D7}.Release|iPhoneSimulator.Build.0 = Release|iPhoneSimulator
		{00017274-9381-446C-B7EE-2AB0D62665D7}.Release|iPhoneSimulator.Deploy.0 = Release|iPhoneSimulator
		{96EE69AB-CF02-4B31-B3C0-AF7AA63F0767}.Debug|Any CPU.ActiveCfg = Debug|Any CPU
		{96EE69AB-CF02-4B31-B3C0-AF7AA63F0767}.Debug|Any CPU.Build.0 = Debug|Any CPU
		{96EE69AB-CF02-4B31-B3C0-AF7AA63F0767}.Debug|Any CPU.Deploy.0 = Debug|Any CPU
		{96EE69AB-CF02-4B31-B3C0-AF7AA63F0767}.Debug|iPhone.ActiveCfg = Debug|Any CPU
		{96EE69AB-CF02-4B31-B3C0-AF7AA63F0767}.Debug|iPhone.Build.0 = Debug|Any CPU
		{96EE69AB-CF02-4B31-B3C0-AF7AA63F0767}.Debug|iPhone.Deploy.0 = Debug|Any CPU
		{96EE69AB-CF02-4B31-B3C0-AF7AA63F0767}.Debug|iPhoneSimulator.ActiveCfg = Debug|Any CPU
		{96EE69AB-CF02-4B31-B3C0-AF7AA63F0767}.Debug|iPhoneSimulator.Build.0 = Debug|Any CPU
		{96EE69AB-CF02-4B31-B3C0-AF7AA63F0767}.Debug|iPhoneSimulator.Deploy.0 = Debug|Any CPU
		{96EE69AB-CF02-4B31-B3C0-AF7AA63F0767}.Release|Any CPU.ActiveCfg = Release|Any CPU
		{96EE69AB-CF02-4B31-B3C0-AF7AA63F0767}.Release|Any CPU.Build.0 = Release|Any CPU
		{96EE69AB-CF02-4B31-B3C0-AF7AA63F0767}.Release|Any CPU.Deploy.0 = Release|Any CPU
		{96EE69AB-CF02-4B31-B3C0-AF7AA63F0767}.Release|iPhone.ActiveCfg = Release|Any CPU
		{96EE69AB-CF02-4B31-B3C0-AF7AA63F0767}.Release|iPhone.Build.0 = Release|Any CPU
		{96EE69AB-CF02-4B31-B3C0-AF7AA63F0767}.Release|iPhone.Deploy.0 = Release|Any CPU
		{96EE69AB-CF02-4B31-B3C0-AF7AA63F0767}.Release|iPhoneSimulator.ActiveCfg = Release|Any CPU
		{96EE69AB-CF02-4B31-B3C0-AF7AA63F0767}.Release|iPhoneSimulator.Build.0 = Release|Any CPU
		{96EE69AB-CF02-4B31-B3C0-AF7AA63F0767}.Release|iPhoneSimulator.Deploy.0 = Release|Any CPU
	EndGlobalSection
	GlobalSection(SolutionProperties) = preSolution
		HideSolutionNode = FALSE
	EndGlobalSection
	GlobalSection(ExtensibilityGlobals) = postSolution
		SolutionGuid = {2741E6A8-94A8-432F-BF1D-FF5C1EDB8C98}
	EndGlobalSection
EndGlobal
